
Microsoft Visual Studio Solution File, Format Version 12.00
# Visual Studio Version 17
VisualStudioVersion = 17.7.34221.43
MinimumVisualStudioVersion = 10.0.40219.1
Project("{9A19103F-16F7-4668-BE54-9A1E7A4F7556}") = "PlantNursary.Entities", "PlantNursary\PlantNursary.Entities.csproj", "{9698234C-CE41-4E05-9014-7F04DA77F33A}"
EndProject
Project("{9A19103F-16F7-4668-BE54-9A1E7A4F7556}") = "PlantNursary.DataAccess", "PlantNursary.DataAccess\PlantNursary.DataAccess.csproj", "{E54F643A-8E93-4234-A57A-2C2DF88B4B7F}"
	ProjectSection(ProjectDependencies) = postProject
		{9698234C-CE41-4E05-9014-7F04DA77F33A} = {9698234C-CE41-4E05-9014-7F04DA77F33A}
	EndProjectSection
EndProject
Project("{9A19103F-16F7-4668-BE54-9A1E7A4F7556}") = "PlantNursary.ApplicationServices", "PlantNursary.ApplicationServices\PlantNursary.ApplicationServices.csproj", "{AA939A33-F21F-4D7C-B05C-CE7485BF8C60}"
EndProject
Global
	GlobalSection(SolutionConfigurationPlatforms) = preSolution
		Debug|Any CPU = Debug|Any CPU
		Release|Any CPU = Release|Any CPU
	EndGlobalSection
	GlobalSection(ProjectConfigurationPlatforms) = postSolution
		{9698234C-CE41-4E05-9014-7F04DA77F33A}.Debug|Any CPU.ActiveCfg = Debug|Any CPU
		{9698234C-CE41-4E05-9014-7F04DA77F33A}.Debug|Any CPU.Build.0 = Debug|Any CPU
		{9698234C-CE41-4E05-9014-7F04DA77F33A}.Release|Any CPU.ActiveCfg = Release|Any CPU
		{9698234C-CE41-4E05-9014-7F04DA77F33A}.Release|Any CPU.Build.0 = Release|Any CPU
		{E54F643A-8E93-4234-A57A-2C2DF88B4B7F}.Debug|Any CPU.ActiveCfg = Debug|Any CPU
		{E54F643A-8E93-4234-A57A-2C2DF88B4B7F}.Debug|Any CPU.Build.0 = Debug|Any CPU
		{E54F643A-8E93-4234-A57A-2C2DF88B4B7F}.Release|Any CPU.ActiveCfg = Release|Any CPU
		{E54F643A-8E93-4234-A57A-2C2DF88B4B7F}.Release|Any CPU.Build.0 = Release|Any CPU
		{AA939A33-F21F-4D7C-B05C-CE7485BF8C60}.Debug|Any CPU.ActiveCfg = Debug|Any CPU
		{AA939A33-F21F-4D7C-B05C-CE7485BF8C60}.Debug|Any CPU.Build.0 = Debug|Any CPU
		{AA939A33-F21F-4D7C-B05C-CE7485BF8C60}.Release|Any CPU.ActiveCfg = Release|Any CPU
		{AA939A33-F21F-4D7C-B05C-CE7485BF8C60}.Release|Any CPU.Build.0 = Release|Any CPU
	EndGlobalSection
	GlobalSection(SolutionProperties) = preSolution
		HideSolutionNode = FALSE
	EndGlobalSection
	GlobalSection(ExtensibilityGlobals) = postSolution
		SolutionGuid = {17F0E602-1816-46D6-A741-95558869EDB4}
	EndGlobalSection
EndGlobal
